// !$*UTF8*$!
{
	archiveVersion = 1;
	classes = {
	};
	objectVersion = 46;
	objects = {

/* Begin PBXBuildFile section */
		22C95F0D1C92488A00586306 /* AppDelegate.swift in Sources */ = {isa = PBXBuildFile; fileRef = 22C95F0C1C92488A00586306 /* AppDelegate.swift */; };
		22C95F0F1C92488A00586306 /* ViewController.swift in Sources */ = {isa = PBXBuildFile; fileRef = 22C95F0E1C92488A00586306 /* ViewController.swift */; };
		22C95F121C92488A00586306 /* Main.storyboard in Resources */ = {isa = PBXBuildFile; fileRef = 22C95F101C92488A00586306 /* Main.storyboard */; };
		22C95F151C92488A00586306 /* My_QReader.xcdatamodeld in Sources */ = {isa = PBXBuildFile; fileRef = 22C95F131C92488A00586306 /* My_QReader.xcdatamodeld */; };
		22C95F171C92488A00586306 /* Assets.xcassets in Resources */ = {isa = PBXBuildFile; fileRef = 22C95F161C92488A00586306 /* Assets.xcassets */; };
		22C95F1A1C92488A00586306 /* LaunchScreen.storyboard in Resources */ = {isa = PBXBuildFile; fileRef = 22C95F181C92488A00586306 /* LaunchScreen.storyboard */; };
		22C95F251C92488A00586306 /* My_QReaderTests.swift in Sources */ = {isa = PBXBuildFile; fileRef = 22C95F241C92488A00586306 /* My_QReaderTests.swift */; };
		22C95F301C92488A00586306 /* My_QReaderUITests.swift in Sources */ = {isa = PBXBuildFile; fileRef = 22C95F2F1C92488A00586306 /* My_QReaderUITests.swift */; };
		22C95F3E1C924AFD00586306 /* AVFoundation.framework in Frameworks */ = {isa = PBXBuildFile; fileRef = 22C95F3D1C924AFD00586306 /* AVFoundation.framework */; };
		22C95F461C92AD2200586306 /* Constants.swift in Sources */ = {isa = PBXBuildFile; fileRef = 22C95F411C92AD2200586306 /* Constants.swift */; };
		22C95F471C92AD2200586306 /* CustomButton.swift in Sources */ = {isa = PBXBuildFile; fileRef = 22C95F421C92AD2200586306 /* CustomButton.swift */; };
		22C95F481C92AD2200586306 /* CustomDesignView.swift in Sources */ = {isa = PBXBuildFile; fileRef = 22C95F431C92AD2200586306 /* CustomDesignView.swift */; };
		22C95F491C92AD2200586306 /* CustomImage.swift in Sources */ = {isa = PBXBuildFile; fileRef = 22C95F441C92AD2200586306 /* CustomImage.swift */; };
		22C95F4A1C92AD2200586306 /* CustomTextField.swift in Sources */ = {isa = PBXBuildFile; fileRef = 22C95F451C92AD2200586306 /* CustomTextField.swift */; };
/* End PBXBuildFile section */

/* Begin PBXContainerItemProxy section */
		22C95F211C92488A00586306 /* PBXContainerItemProxy */ = {
			isa = PBXContainerItemProxy;
			containerPortal = 22C95F011C92488A00586306 /* Project object */;
			proxyType = 1;
			remoteGlobalIDString = 22C95F081C92488A00586306;
			remoteInfo = "My QReader";
		};
		22C95F2C1C92488A00586306 /* PBXContainerItemProxy */ = {
			isa = PBXContainerItemProxy;
			containerPortal = 22C95F011C92488A00586306 /* Project object */;
			proxyType = 1;
			remoteGlobalIDString = 22C95F081C92488A00586306;
			remoteInfo = "My QReader";
		};
/* End PBXContainerItemProxy section */

/* Begin PBXFileReference section */
		22C95F091C92488A00586306 /* My QReader.app */ = {isa = PBXFileReference; explicitFileType = wrapper.application; includeInIndex = 0; path = "My QReader.app"; sourceTree = BUILT_PRODUCTS_DIR; };
		22C95F0C1C92488A00586306 /* AppDelegate.swift */ = {isa = PBXFileReference; lastKnownFileType = sourcecode.swift; path = AppDelegate.swift; sourceTree = "<group>"; };
		22C95F0E1C92488A00586306 /* ViewController.swift */ = {isa = PBXFileReference; lastKnownFileType = sourcecode.swift; path = ViewController.swift; sourceTree = "<group>"; };
		22C95F111C92488A00586306 /* Base */ = {isa = PBXFileReference; lastKnownFileType = file.storyboard; name = Base; path = Base.lproj/Main.storyboard; sourceTree = "<group>"; };
		22C95F141C92488A00586306 /* My_QReader.xcdatamodel */ = {isa = PBXFileReference; lastKnownFileType = wrapper.xcdatamodel; path = My_QReader.xcdatamodel; sourceTree = "<group>"; };
		22C95F161C92488A00586306 /* Assets.xcassets */ = {isa = PBXFileReference; lastKnownFileType = folder.assetcatalog; path = Assets.xcassets; sourceTree = "<group>"; };
		22C95F191C92488A00586306 /* Base */ = {isa = PBXFileReference; lastKnownFileType = file.storyboard; name = Base; path = Base.lproj/LaunchScreen.storyboard; sourceTree = "<group>"; };
		22C95F1B1C92488A00586306 /* Info.plist */ = {isa = PBXFileReference; lastKnownFileType = text.plist.xml; path = Info.plist; sourceTree = "<group>"; };
		22C95F201C92488A00586306 /* My QReaderTests.xctest */ = {isa = PBXFileReference; explicitFileType = wrapper.cfbundle; includeInIndex = 0; path = "My QReaderTests.xctest"; sourceTree = BUILT_PRODUCTS_DIR; };
		22C95F241C92488A00586306 /* My_QReaderTests.swift */ = {isa = PBXFileReference; lastKnownFileType = sourcecode.swift; path = My_QReaderTests.swift; sourceTree = "<group>"; };
		22C95F261C92488A00586306 /* Info.plist */ = {isa = PBXFileReference; lastKnownFileType = text.plist.xml; path = Info.plist; sourceTree = "<group>"; };
		22C95F2B1C92488A00586306 /* My QReaderUITests.xctest */ = {isa = PBXFileReference; explicitFileType = wrapper.cfbundle; includeInIndex = 0; path = "My QReaderUITests.xctest"; sourceTree = BUILT_PRODUCTS_DIR; };
		22C95F2F1C92488A00586306 /* My_QReaderUITests.swift */ = {isa = PBXFileReference; lastKnownFileType = sourcecode.swift; path = My_QReaderUITests.swift; sourceTree = "<group>"; };
		22C95F311C92488A00586306 /* Info.plist */ = {isa = PBXFileReference; lastKnownFileType = text.plist.xml; path = Info.plist; sourceTree = "<group>"; };
		22C95F3D1C924AFD00586306 /* AVFoundation.framework */ = {isa = PBXFileReference; lastKnownFileType = wrapper.framework; name = AVFoundation.framework; path = System/Library/Frameworks/AVFoundation.framework; sourceTree = SDKROOT; };
		22C95F411C92AD2200586306 /* Constants.swift */ = {isa = PBXFileReference; fileEncoding = 4; lastKnownFileType = sourcecode.swift; path = Constants.swift; sourceTree = "<group>"; };
		22C95F421C92AD2200586306 /* CustomButton.swift */ = {isa = PBXFileReference; fileEncoding = 4; lastKnownFileType = sourcecode.swift; path = CustomButton.swift; sourceTree = "<group>"; };
		22C95F431C92AD2200586306 /* CustomDesignView.swift */ = {isa = PBXFileReference; fileEncoding = 4; lastKnownFileType = sourcecode.swift; path = CustomDesignView.swift; sourceTree = "<group>"; };
		22C95F441C92AD2200586306 /* CustomImage.swift */ = {isa = PBXFileReference; fileEncoding = 4; lastKnownFileType = sourcecode.swift; path = CustomImage.swift; sourceTree = "<group>"; };
		22C95F451C92AD2200586306 /* CustomTextField.swift */ = {isa = PBXFileReference; fileEncoding = 4; lastKnownFileType = sourcecode.swift; path = CustomTextField.swift; sourceTree = "<group>"; };
/* End PBXFileReference section */

/* Begin PBXFrameworksBuildPhase section */
		22C95F061C92488A00586306 /* Frameworks */ = {
			isa = PBXFrameworksBuildPhase;
			buildActionMask = 2147483647;
			files = (
				22C95F3E1C924AFD00586306 /* AVFoundation.framework in Frameworks */,
			);
			runOnlyForDeploymentPostprocessing = 0;
		};
		22C95F1D1C92488A00586306 /* Frameworks */ = {
			isa = PBXFrameworksBuildPhase;
			buildActionMask = 2147483647;
			files = (
			);
			runOnlyForDeploymentPostprocessing = 0;
		};
		22C95F281C92488A00586306 /* Frameworks */ = {
			isa = PBXFrameworksBuildPhase;
			buildActionMask = 2147483647;
			files = (
			);
			runOnlyForDeploymentPostprocessing = 0;
		};
/* End PBXFrameworksBuildPhase section */

/* Begin PBXGroup section */
		22C95F001C92488A00586306 = {
			isa = PBXGroup;
			children = (
				22C95F3D1C924AFD00586306 /* AVFoundation.framework */,
				22C95F0B1C92488A00586306 /* My QReader */,
				22C95F231C92488A00586306 /* My QReaderTests */,
				22C95F2E1C92488A00586306 /* My QReaderUITests */,
				22C95F0A1C92488A00586306 /* Products */,
			);
			sourceTree = "<group>";
		};
		22C95F0A1C92488A00586306 /* Products */ = {
			isa = PBXGroup;
			children = (
				22C95F091C92488A00586306 /* My QReader.app */,
				22C95F201C92488A00586306 /* My QReaderTests.xctest */,
				22C95F2B1C92488A00586306 /* My QReaderUITests.xctest */,
			);
			name = Products;
			sourceTree = "<group>";
		};
		22C95F0B1C92488A00586306 /* My QReader */ = {
			isa = PBXGroup;
			children = (
				22C95F4B1C92AD8700586306 /* Controllers */,
				22C95F401C92ACB700586306 /* Views */,
				22C95F3F1C92ACA500586306 /* Models */,
				22C95F0C1C92488A00586306 /* AppDelegate.swift */,
				22C95F101C92488A00586306 /* Main.storyboard */,
				22C95F161C92488A00586306 /* Assets.xcassets */,
				22C95F181C92488A00586306 /* LaunchScreen.storyboard */,
				22C95F1B1C92488A00586306 /* Info.plist */,
				22C95F131C92488A00586306 /* My_QReader.xcdatamodeld */,
			);
			path = "My QReader";
			sourceTree = "<group>";
		};
		22C95F231C92488A00586306 /* My QReaderTests */ = {
			isa = PBXGroup;
			children = (
				22C95F241C92488A00586306 /* My_QReaderTests.swift */,
				22C95F261C92488A00586306 /* Info.plist */,
			);
			path = "My QReaderTests";
			sourceTree = "<group>";
		};
		22C95F2E1C92488A00586306 /* My QReaderUITests */ = {
			isa = PBXGroup;
			children = (
				22C95F2F1C92488A00586306 /* My_QReaderUITests.swift */,
				22C95F311C92488A00586306 /* Info.plist */,
			);
			path = "My QReaderUITests";
			sourceTree = "<group>";
		};
		22C95F3F1C92ACA500586306 /* Models */ = {
			isa = PBXGroup;
			children = (
			);
			name = Models;
			sourceTree = "<group>";
		};
		22C95F401C92ACB700586306 /* Views */ = {
			isa = PBXGroup;
			children = (
				22C95F411C92AD2200586306 /* Constants.swift */,
				22C95F421C92AD2200586306 /* CustomButton.swift */,
				22C95F431C92AD2200586306 /* CustomDesignView.swift */,
				22C95F441C92AD2200586306 /* CustomImage.swift */,
				22C95F451C92AD2200586306 /* CustomTextField.swift */,
			);
			name = Views;
			sourceTree = "<group>";
		};
		22C95F4B1C92AD8700586306 /* Controllers */ = {
			isa = PBXGroup;
			children = (
				22C95F0E1C92488A00586306 /* ViewController.swift */,
			);
			name = Controllers;
			sourceTree = "<group>";
		};
/* End PBXGroup section */

/* Begin PBXNativeTarget section */
		22C95F081C92488A00586306 /* My QReader */ = {
			isa = PBXNativeTarget;
			buildConfigurationList = 22C95F341C92488A00586306 /* Build configuration list for PBXNativeTarget "My QReader" */;
			buildPhases = (
				22C95F051C92488A00586306 /* Sources */,
				22C95F061C92488A00586306 /* Frameworks */,
				22C95F071C92488A00586306 /* Resources */,
			);
			buildRules = (
			);
			dependencies = (
			);
			name = "My QReader";
			productName = "My QReader";
			productReference = 22C95F091C92488A00586306 /* My QReader.app */;
			productType = "com.apple.product-type.application";
		};
		22C95F1F1C92488A00586306 /* My QReaderTests */ = {
			isa = PBXNativeTarget;
			buildConfigurationList = 22C95F371C92488A00586306 /* Build configuration list for PBXNativeTarget "My QReaderTests" */;
			buildPhases = (
				22C95F1C1C92488A00586306 /* Sources */,
				22C95F1D1C92488A00586306 /* Frameworks */,
				22C95F1E1C92488A00586306 /* Resources */,
			);
			buildRules = (
			);
			dependencies = (
				22C95F221C92488A00586306 /* PBXTargetDependency */,
			);
			name = "My QReaderTests";
			productName = "My QReaderTests";
			productReference = 22C95F201C92488A00586306 /* My QReaderTests.xctest */;
			productType = "com.apple.product-type.bundle.unit-test";
		};
		22C95F2A1C92488A00586306 /* My QReaderUITests */ = {
			isa = PBXNativeTarget;
			buildConfigurationList = 22C95F3A1C92488A00586306 /* Build configuration list for PBXNativeTarget "My QReaderUITests" */;
			buildPhases = (
				22C95F271C92488A00586306 /* Sources */,
				22C95F281C92488A00586306 /* Frameworks */,
				22C95F291C92488A00586306 /* Resources */,
			);
			buildRules = (
			);
			dependencies = (
				22C95F2D1C92488A00586306 /* PBXTargetDependency */,
			);
			name = "My QReaderUITests";
			productName = "My QReaderUITests";
			productReference = 22C95F2B1C92488A00586306 /* My QReaderUITests.xctest */;
			productType = "com.apple.product-type.bundle.ui-testing";
		};
/* End PBXNativeTarget section */

/* Begin PBXProject section */
		22C95F011C92488A00586306 /* Project object */ = {
			isa = PBXProject;
			attributes = {
				LastSwiftUpdateCheck = 0720;
				LastUpgradeCheck = 0720;
				ORGANIZATIONNAME = "Sam Rabeeh - RCI";
				TargetAttributes = {
					22C95F081C92488A00586306 = {
						CreatedOnToolsVersion = 7.2;
						DevelopmentTeam = LRJ8KGQKMZ;
					};
					22C95F1F1C92488A00586306 = {
						CreatedOnToolsVersion = 7.2;
						DevelopmentTeam = LRJ8KGQKMZ;
						TestTargetID = 22C95F081C92488A00586306;
					};
					22C95F2A1C92488A00586306 = {
						CreatedOnToolsVersion = 7.2;
						DevelopmentTeam = LRJ8KGQKMZ;
						TestTargetID = 22C95F081C92488A00586306;
					};
				};
			};
			buildConfigurationList = 22C95F041C92488A00586306 /* Build configuration list for PBXProject "My QReader" */;
			compatibilityVersion = "Xcode 3.2";
			developmentRegion = English;
			hasScannedForEncodings = 0;
			knownRegions = (
				en,
				Base,
			);
			mainGroup = 22C95F001C92488A00586306;
			productRefGroup = 22C95F0A1C92488A00586306 /* Products */;
			projectDirPath = "";
			projectRoot = "";
			targets = (
				22C95F081C92488A00586306 /* My QReader */,
				22C95F1F1C92488A00586306 /* My QReaderTests */,
				22C95F2A1C92488A00586306 /* My QReaderUITests */,
			);
		};
/* End PBXProject section */

/* Begin PBXResourcesBuildPhase section */
		22C95F071C92488A00586306 /* Resources */ = {
			isa = PBXResourcesBuildPhase;
			buildActionMask = 2147483647;
			files = (
				22C95F1A1C92488A00586306 /* LaunchScreen.storyboard in Resources */,
				22C95F171C92488A00586306 /* Assets.xcassets in Resources */,
				22C95F121C92488A00586306 /* Main.storyboard in Resources */,
			);
			runOnlyForDeploymentPostprocessing = 0;
		};
		22C95F1E1C92488A00586306 /* Resources */ = {
			isa = PBXResourcesBuildPhase;
			buildActionMask = 2147483647;
			files = (
			);
			runOnlyForDeploymentPostprocessing = 0;
		};
		22C95F291C92488A00586306 /* Resources */ = {
			isa = PBXResourcesBuildPhase;
			buildActionMask = 2147483647;
			files = (
			);
			runOnlyForDeploymentPostprocessing = 0;
		};
/* End PBXResourcesBuildPhase section */

/* Begin PBXSourcesBuildPhase section */
		22C95F051C92488A00586306 /* Sources */ = {
			isa = PBXSourcesBuildPhase;
			buildActionMask = 2147483647;
			files = (
				22C95F491C92AD2200586306 /* CustomImage.swift in Sources */,
				22C95F151C92488A00586306 /* My_QReader.xcdatamodeld in Sources */,
				22C95F0F1C92488A00586306 /* ViewController.swift in Sources */,
				22C95F0D1C92488A00586306 /* AppDelegate.swift in Sources */,
				22C95F4A1C92AD2200586306 /* CustomTextField.swift in Sources */,
				22C95F461C92AD2200586306 /* Constants.swift in Sources */,
				22C95F471C92AD2200586306 /* CustomButton.swift in Sources */,
				22C95F481C92AD2200586306 /* CustomDesignView.swift in Sources */,
			);
			runOnlyForDeploymentPostprocessing = 0;
		};
		22C95F1C1C92488A00586306 /* Sources */ = {
			isa = PBXSourcesBuildPhase;
			buildActionMask = 2147483647;
			files = (
				22C95F251C92488A00586306 /* My_QReaderTests.swift in Sources */,
			);
			runOnlyForDeploymentPostprocessing = 0;
		};
		22C95F271C92488A00586306 /* Sources */ = {
			isa = PBXSourcesBuildPhase;
			buildActionMask = 2147483647;
			files = (
				22C95F301C92488A00586306 /* My_QReaderUITests.swift in Sources */,
			);
			runOnlyForDeploymentPostprocessing = 0;
		};
/* End PBXSourcesBuildPhase section */

/* Begin PBXTargetDependency section */
		22C95F221C92488A00586306 /* PBXTargetDependency */ = {
			isa = PBXTargetDependency;
			target = 22C95F081C92488A00586306 /* My QReader */;
			targetProxy = 22C95F211C92488A00586306 /* PBXContainerItemProxy */;
		};
		22C95F2D1C92488A00586306 /* PBXTargetDependency */ = {
			isa = PBXTargetDependency;
			target = 22C95F081C92488A00586306 /* My QReader */;
			targetProxy = 22C95F2C1C92488A00586306 /* PBXContainerItemProxy */;
		};
/* End PBXTargetDependency section */

/* Begin PBXVariantGroup section */
		22C95F101C92488A00586306 /* Main.storyboard */ = {
			isa = PBXVariantGroup;
			children = (
				22C95F111C92488A00586306 /* Base */,
			);
			name = Main.storyboard;
			sourceTree = "<group>";
		};
		22C95F181C92488A00586306 /* LaunchScreen.storyboard */ = {
			isa = PBXVariantGroup;
			children = (
				22C95F191C92488A00586306 /* Base */,
			);
			name = LaunchScreen.storyboard;
			sourceTree = "<group>";
		};
/* End PBXVariantGroup section */

/* Begin XCBuildConfiguration section */
		22C95F321C92488A00586306 /* Debug */ = {
			isa = XCBuildConfiguration;
			buildSettings = {
				ALWAYS_SEARCH_USER_PATHS = NO;
				CLANG_CXX_LANGUAGE_STANDARD = "gnu++0x";
				CLANG_CXX_LIBRARY = "libc++";
				CLANG_ENABLE_MODULES = YES;
				CLANG_ENABLE_OBJC_ARC = YES;
				CLANG_WARN_BOOL_CONVERSION = YES;
				CLANG_WARN_CONSTANT_CONVERSION = YES;
				CLANG_WARN_DIRECT_OBJC_ISA_USAGE = YES_ERROR;
				CLANG_WARN_EMPTY_BODY = YES;
				CLANG_WARN_ENUM_CONVERSION = YES;
				CLANG_WARN_INT_CONVERSION = YES;
				CLANG_WARN_OBJC_ROOT_CLASS = YES_ERROR;
				CLANG_WARN_UNREACHABLE_CODE = YES;
				CLANG_WARN__DUPLICATE_METHOD_MATCH = YES;
				"CODE_SIGN_IDENTITY[sdk=iphoneos*]" = "iPhone Developer";
				COPY_PHASE_STRIP = NO;
				DEBUG_INFORMATION_FORMAT = dwarf;
				ENABLE_STRICT_OBJC_MSGSEND = YES;
				ENABLE_TESTABILITY = YES;
				GCC_C_LANGUAGE_STANDARD = gnu99;
				GCC_DYNAMIC_NO_PIC = NO;
				GCC_NO_COMMON_BLOCKS = YES;
				GCC_OPTIMIZATION_LEVEL = 0;
				GCC_PREPROCESSOR_DEFINITIONS = (
					"DEBUG=1",
					"$(inherited)",
				);
				GCC_WARN_64_TO_32_BIT_CONVERSION = YES;
				GCC_WARN_ABOUT_RETURN_TYPE = YES_ERROR;
				GCC_WARN_UNDECLARED_SELECTOR = YES;
				GCC_WARN_UNINITIALIZED_AUTOS = YES_AGGRESSIVE;
				GCC_WARN_UNUSED_FUNCTION = YES;
				GCC_WARN_UNUSED_VARIABLE = YES;
				IPHONEOS_DEPLOYMENT_TARGET = 9.2;
				MTL_ENABLE_DEBUG_INFO = YES;
				ONLY_ACTIVE_ARCH = YES;
				SDKROOT = iphoneos;
				SWIFT_OPTIMIZATION_LEVEL = "-Onone";
				TARGETED_DEVICE_FAMILY = "1,2";
			};
			name = Debug;
		};
		22C95F331C92488A00586306 /* Release */ = {
			isa = XCBuildConfiguration;
			buildSettings = {
				ALWAYS_SEARCH_USER_PATHS = NO;
				CLANG_CXX_LANGUAGE_STANDARD = "gnu++0x";
				CLANG_CXX_LIBRARY = "libc++";
				CLANG_ENABLE_MODULES = YES;
				CLANG_ENABLE_OBJC_ARC = YES;
				CLANG_WARN_BOOL_CONVERSION = YES;
				CLANG_WARN_CONSTANT_CONVERSION = YES;
				CLANG_WARN_DIRECT_OBJC_ISA_USAGE = YES_ERROR;
				CLANG_WARN_EMPTY_BODY = YES;
				CLANG_WARN_ENUM_CONVERSION = YES;
				CLANG_WARN_INT_CONVERSION = YES;
				CLANG_WARN_OBJC_ROOT_CLASS = YES_ERROR;
				CLANG_WARN_UNREACHABLE_CODE = YES;
				CLANG_WARN__DUPLICATE_METHOD_MATCH = YES;
				"CODE_SIGN_IDENTITY[sdk=iphoneos*]" = "iPhone Developer";
				COPY_PHASE_STRIP = NO;
				DEBUG_INFORMATION_FORMAT = "dwarf-with-dsym";
				ENABLE_NS_ASSERTIONS = NO;
				ENABLE_STRICT_OBJC_MSGSEND = YES;
				GCC_C_LANGUAGE_STANDARD = gnu99;
				GCC_NO_COMMON_BLOCKS = YES;
				GCC_WARN_64_TO_32_BIT_CONVERSION = YES;
				GCC_WARN_ABOUT_RETURN_TYPE = YES_ERROR;
				GCC_WARN_UNDECLARED_SELECTOR = YES;
				GCC_WARN_UNINITIALIZED_AUTOS = YES_AGGRESSIVE;
				GCC_WARN_UNUSED_FUNCTION = YES;
				GCC_WARN_UNUSED_VARIABLE = YES;
				IPHONEOS_DEPLOYMENT_TARGET = 9.2;
				MTL_ENABLE_DEBUG_INFO = NO;
				SDKROOT = iphoneos;
				TARGETED_DEVICE_FAMILY = "1,2";
				VALIDATE_PRODUCT = YES;
			};
			name = Release;
		};
		22C95F351C92488A00586306 /* Debug */ = {
			isa = XCBuildConfiguration;
			buildSettings = {
				ASSETCATALOG_COMPILER_APPICON_NAME = AppIcon;
				INFOPLIST_FILE = "My QReader/Info.plist";
				LD_RUNPATH_SEARCH_PATHS = "$(inherited) @executable_path/Frameworks";
				PRODUCT_BUNDLE_IDENTIFIER = "com.rabeeh.My-QReader";
				PRODUCT_NAME = "$(TARGET_NAME)";
			};
			name = Debug;
		};
		22C95F361C92488A00586306 /* Release */ = {
			isa = XCBuildConfiguration;
			buildSettings = {
				ASSETCATALOG_COMPILER_APPICON_NAME = AppIcon;
				INFOPLIST_FILE = "My QReader/Info.plist";
				LD_RUNPATH_SEARCH_PATHS = "$(inherited) @executable_path/Frameworks";
				PRODUCT_BUNDLE_IDENTIFIER = "com.rabeeh.My-QReader";
				PRODUCT_NAME = "$(TARGET_NAME)";
			};
			name = Release;
		};
		22C95F381C92488A00586306 /* Debug */ = {
			isa = XCBuildConfiguration;
			buildSettings = {
				BUNDLE_LOADER = "$(TEST_HOST)";
				INFOPLIST_FILE = "My QReaderTests/Info.plist";
				LD_RUNPATH_SEARCH_PATHS = "$(inherited) @executable_path/Frameworks @loader_path/Frameworks";
				PRODUCT_BUNDLE_IDENTIFIER = "com.rabeeh.My-QReaderTests";
				PRODUCT_NAME = "$(TARGET_NAME)";
				TEST_HOST = "$(BUILT_PRODUCTS_DIR)/My QReader.app/My QReader";
			};
			name = Debug;
		};
		22C95F391C92488A00586306 /* Release */ = {
			isa = XCBuildConfiguration;
			buildSettings = {
				BUNDLE_LOADER = "$(TEST_HOST)";
				INFOPLIST_FILE = "My QReaderTests/Info.plist";
				LD_RUNPATH_SEARCH_PATHS = "$(inherited) @executable_path/Frameworks @loader_path/Frameworks";
				PRODUCT_BUNDLE_IDENTIFIER = "com.rabeeh.My-QReaderTests";
				PRODUCT_NAME = "$(TARGET_NAME)";
				TEST_HOST = "$(BUILT_PRODUCTS_DIR)/My QReader.app/My QReader";
			};
			name = Release;
		};
		22C95F3B1C92488A00586306 /* Debug */ = {
			isa = XCBuildConfiguration;
			buildSettings = {
				INFOPLIST_FILE = "My QReaderUITests/Info.plist";
				LD_RUNPATH_SEARCH_PATHS = "$(inherited) @executable_path/Frameworks @loader_path/Frameworks";
				PRODUCT_BUNDLE_IDENTIFIER = "com.rabeeh.My-QReaderUITests";
				PRODUCT_NAME = "$(TARGET_NAME)";
				TEST_TARGET_NAME = "My QReader";
				USES_XCTRUNNER = YES;
			};
			name = Debug;
		};
		22C95F3C1C92488A00586306 /* Release */ = {
			isa = XCBuildConfiguration;
			buildSettings = {
				INFOPLIST_FILE = "My QReaderUITests/Info.plist";
				LD_RUNPATH_SEARCH_PATHS = "$(inherited) @executable_path/Frameworks @loader_path/Frameworks";
				PRODUCT_BUNDLE_IDENTIFIER = "com.rabeeh.My-QReaderUITests";
				PRODUCT_NAME = "$(TARGET_NAME)";
				TEST_TARGET_NAME = "My QReader";
				USES_XCTRUNNER = YES;
			};
			name = Release;
		};
/* End XCBuildConfiguration section */

/* Begin XCConfigurationList section */
		22C95F041C92488A00586306 /* Build configuration list for PBXProject "My QReader" */ = {
			isa = XCConfigurationList;
			buildConfigurations = (
				22C95F321C92488A00586306 /* Debug */,
				22C95F331C92488A00586306 /* Release */,
			);
			defaultConfigurationIsVisible = 0;
			defaultConfigurationName = Release;
		};
		22C95F341C92488A00586306 /* Build configuration list for PBXNativeTarget "My QReader" */ = {
			isa = XCConfigurationList;
			buildConfigurations = (
				22C95F351C92488A00586306 /* Debug */,
				22C95F361C92488A00586306 /* Release */,
			);
			defaultConfigurationIsVisible = 0;
			defaultConfigurationName = Release;
		};
		22C95F371C92488A00586306 /* Build configuration list for PBXNativeTarget "My QReaderTests" */ = {
			isa = XCConfigurationList;
			buildConfigurations = (
				22C95F381C92488A00586306 /* Debug */,
				22C95F391C92488A00586306 /* Release */,
			);
			defaultConfigurationIsVisible = 0;
			defaultConfigurationName = Release;
		};
		22C95F3A1C92488A00586306 /* Build configuration list for PBXNativeTarget "My QReaderUITests" */ = {
			isa = XCConfigurationList;
			buildConfigurations = (
				22C95F3B1C92488A00586306 /* Debug */,
				22C95F3C1C92488A00586306 /* Release */,
			);
			defaultConfigurationIsVisible = 0;
			defaultConfigurationName = Release;
		};
/* End XCConfigurationList section */

/* Begin XCVersionGroup section */
		22C95F131C92488A00586306 /* My_QReader.xcdatamodeld */ = {
			isa = XCVersionGroup;
			children = (
				22C95F141C92488A00586306 /* My_QReader.xcdatamodel */,
			);
			currentVersion = 22C95F141C92488A00586306 /* My_QReader.xcdatamodel */;
			path = My_QReader.xcdatamodeld;
			sourceTree = "<group>";
			versionGroupType = wrapper.xcdatamodel;
		};
/* End XCVersionGroup section */
	};
	rootObject = 22C95F011C92488A00586306 /* Project object */;
}
